
Microsoft Visual Studio Solution File, Format Version 12.00
# Visual Studio 15
Project("{FAE04EC0-301F-11D3-BF4B-00C04F79EFBC}") = "Door", "Door\Door.csproj", "{D9FE91D3-8904-42CB-A57B-6AE9C6A2C396}"
EndProject
Project("{2150E333-8FDC-42A3-9474-1A3956D46DE8}") = "Solution Items", "Solution Items", "{740DEDEC-C607-4520-B9FA-6BE92F19FC81}"
EndProject
Global
	GlobalSection(SolutionConfigurationPlatforms) = preSolution
		Debug|Any CPU = Debug|Any CPU
		Release|Any CPU = Release|Any CPU
	EndGlobalSection
	GlobalSection(ProjectConfigurationPlatforms) = postSolution
		{D9FE91D3-8904-42CB-A57B-6AE9C6A2C396}.Debug|Any CPU.ActiveCfg = Debug|Any CPU
		{D9FE91D3-8904-42CB-A57B-6AE9C6A2C396}.Debug|Any CPU.Build.0 = Debug|Any CPU
		{D9FE91D3-8904-42CB-A57B-6AE9C6A2C396}.Release|Any CPU.ActiveCfg = Release|Any CPU
		{D9FE91D3-8904-42CB-A57B-6AE9C6A2C396}.Release|Any CPU.Build.0 = Release|Any CPU
	EndGlobalSection
	GlobalSection(MonoDevelopProperties) = preSolution
		Policies = $0
		$0.DotNetNamingPolicy = $1
		$1.DirectoryNamespaceAssociation = PrefixedHierarchical
		$0.TextStylePolicy = $2
		$2.FileWidth = 80
		$2.TabsToSpaces = True
		$2.scope = text/plain
		$0.StandardHeader = $3
	EndGlobalSection
EndGlobal
